// !$*UTF8*$!
{
	archiveVersion = 1;
	classes = {
	};
	objectVersion = 52;
	objects = {

/* Begin PBXBuildFile section */
		3709D7E7243FBF8B00031202 /* AppDelegate.swift in Sources */ = {isa = PBXBuildFile; fileRef = 3709D7E6243FBF8B00031202 /* AppDelegate.swift */; };
		3709D7E9243FBF8B00031202 /* SceneDelegate.swift in Sources */ = {isa = PBXBuildFile; fileRef = 3709D7E8243FBF8B00031202 /* SceneDelegate.swift */; };
		3709D7EE243FBF8B00031202 /* Main.storyboard in Resources */ = {isa = PBXBuildFile; fileRef = 3709D7EC243FBF8B00031202 /* Main.storyboard */; };
		3709D7F0243FBF8D00031202 /* Assets.xcassets in Resources */ = {isa = PBXBuildFile; fileRef = 3709D7EF243FBF8D00031202 /* Assets.xcassets */; };
		3709D7F3243FBF8D00031202 /* LaunchScreen.storyboard in Resources */ = {isa = PBXBuildFile; fileRef = 3709D7F1243FBF8D00031202 /* LaunchScreen.storyboard */; };
		3709D7FE243FC47800031202 /* BlockChainTableVC.swift in Sources */ = {isa = PBXBuildFile; fileRef = 3709D7FD243FC47800031202 /* BlockChainTableVC.swift */; };
		3709D801243FC4DE00031202 /* BlockCell.swift in Sources */ = {isa = PBXBuildFile; fileRef = 3709D800243FC4DE00031202 /* BlockCell.swift */; };
		3709D803243FC4F000031202 /* TransactionCell.swift in Sources */ = {isa = PBXBuildFile; fileRef = 3709D802243FC4F000031202 /* TransactionCell.swift */; };
		3709D806243FC57000031202 /* BlockModel.swift in Sources */ = {isa = PBXBuildFile; fileRef = 3709D805243FC57000031202 /* BlockModel.swift */; };
		37B263B6243FDBB5003DFE0D /* TransactionTableVC.swift in Sources */ = {isa = PBXBuildFile; fileRef = 37B263B5243FDBB5003DFE0D /* TransactionTableVC.swift */; };
		37B263B9243FEAC0003DFE0D /* NetworkServices.swift in Sources */ = {isa = PBXBuildFile; fileRef = 37B263B8243FEAC0003DFE0D /* NetworkServices.swift */; };
		37B263BC2440166E003DFE0D /* NetworkHandler in Frameworks */ = {isa = PBXBuildFile; productRef = 37B263BB2440166E003DFE0D /* NetworkHandler */; };
/* End PBXBuildFile section */

/* Begin PBXFileReference section */
		3709D7E3243FBF8B00031202 /* BlockchainWallet.app */ = {isa = PBXFileReference; explicitFileType = wrapper.application; includeInIndex = 0; path = BlockchainWallet.app; sourceTree = BUILT_PRODUCTS_DIR; };
		3709D7E6243FBF8B00031202 /* AppDelegate.swift */ = {isa = PBXFileReference; lastKnownFileType = sourcecode.swift; path = AppDelegate.swift; sourceTree = "<group>"; };
		3709D7E8243FBF8B00031202 /* SceneDelegate.swift */ = {isa = PBXFileReference; lastKnownFileType = sourcecode.swift; path = SceneDelegate.swift; sourceTree = "<group>"; };
		3709D7ED243FBF8B00031202 /* Base */ = {isa = PBXFileReference; lastKnownFileType = file.storyboard; name = Base; path = Base.lproj/Main.storyboard; sourceTree = "<group>"; };
		3709D7EF243FBF8D00031202 /* Assets.xcassets */ = {isa = PBXFileReference; lastKnownFileType = folder.assetcatalog; path = Assets.xcassets; sourceTree = "<group>"; };
		3709D7F2243FBF8D00031202 /* Base */ = {isa = PBXFileReference; lastKnownFileType = file.storyboard; name = Base; path = Base.lproj/LaunchScreen.storyboard; sourceTree = "<group>"; };
		3709D7F4243FBF8D00031202 /* Info.plist */ = {isa = PBXFileReference; lastKnownFileType = text.plist.xml; path = Info.plist; sourceTree = "<group>"; };
		3709D7FD243FC47800031202 /* BlockChainTableVC.swift */ = {isa = PBXFileReference; lastKnownFileType = sourcecode.swift; path = BlockChainTableVC.swift; sourceTree = "<group>"; };
		3709D800243FC4DE00031202 /* BlockCell.swift */ = {isa = PBXFileReference; lastKnownFileType = sourcecode.swift; path = BlockCell.swift; sourceTree = "<group>"; };
		3709D802243FC4F000031202 /* TransactionCell.swift */ = {isa = PBXFileReference; lastKnownFileType = sourcecode.swift; path = TransactionCell.swift; sourceTree = "<group>"; };
		3709D805243FC57000031202 /* BlockModel.swift */ = {isa = PBXFileReference; lastKnownFileType = sourcecode.swift; path = BlockModel.swift; sourceTree = "<group>"; };
		37B263B5243FDBB5003DFE0D /* TransactionTableVC.swift */ = {isa = PBXFileReference; lastKnownFileType = sourcecode.swift; path = TransactionTableVC.swift; sourceTree = "<group>"; };
		37B263B8243FEAC0003DFE0D /* NetworkServices.swift */ = {isa = PBXFileReference; lastKnownFileType = sourcecode.swift; path = NetworkServices.swift; sourceTree = "<group>"; };
/* End PBXFileReference section */

/* Begin PBXFrameworksBuildPhase section */
		3709D7E0243FBF8B00031202 /* Frameworks */ = {
			isa = PBXFrameworksBuildPhase;
			buildActionMask = 2147483647;
			files = (
				37B263BC2440166E003DFE0D /* NetworkHandler in Frameworks */,
			);
			runOnlyForDeploymentPostprocessing = 0;
		};
/* End PBXFrameworksBuildPhase section */

/* Begin PBXGroup section */
		3709D7DA243FBF8B00031202 = {
			isa = PBXGroup;
			children = (
				3709D7E5243FBF8B00031202 /* BlockchainWallet */,
				3709D7E4243FBF8B00031202 /* Products */,
			);
			sourceTree = "<group>";
		};
		3709D7E4243FBF8B00031202 /* Products */ = {
			isa = PBXGroup;
			children = (
				3709D7E3243FBF8B00031202 /* BlockchainWallet.app */,
			);
			name = Products;
			sourceTree = "<group>";
		};
		3709D7E5243FBF8B00031202 /* BlockchainWallet */ = {
			isa = PBXGroup;
			children = (
				37B263B7243FEAB1003DFE0D /* New Group */,
				3709D804243FC55700031202 /* Model */,
				3709D7FF243FC4C600031202 /* Cells */,
				3709D7FB243FC41B00031202 /* View Controllers */,
				3709D7FC243FC44700031202 /* Storyboards */,
				3709D7F4243FBF8D00031202 /* Info.plist */,
				3709D7FA243FC40B00031202 /* Resources */,
			);
			path = BlockchainWallet;
			sourceTree = "<group>";
		};
		3709D7FA243FC40B00031202 /* Resources */ = {
			isa = PBXGroup;
			children = (
				3709D7E6243FBF8B00031202 /* AppDelegate.swift */,
				3709D7E8243FBF8B00031202 /* SceneDelegate.swift */,
				3709D7EF243FBF8D00031202 /* Assets.xcassets */,
				3709D7F1243FBF8D00031202 /* LaunchScreen.storyboard */,
			);
			path = Resources;
			sourceTree = "<group>";
		};
		3709D7FB243FC41B00031202 /* View Controllers */ = {
			isa = PBXGroup;
			children = (
				3709D7FD243FC47800031202 /* BlockChainTableVC.swift */,
				37B263B5243FDBB5003DFE0D /* TransactionTableVC.swift */,
			);
			path = "View Controllers";
			sourceTree = "<group>";
		};
		3709D7FC243FC44700031202 /* Storyboards */ = {
			isa = PBXGroup;
			children = (
				3709D7EC243FBF8B00031202 /* Main.storyboard */,
			);
			path = Storyboards;
			sourceTree = "<group>";
		};
		3709D7FF243FC4C600031202 /* Cells */ = {
			isa = PBXGroup;
			children = (
				3709D800243FC4DE00031202 /* BlockCell.swift */,
				3709D802243FC4F000031202 /* TransactionCell.swift */,
			);
			path = Cells;
			sourceTree = "<group>";
		};
		3709D804243FC55700031202 /* Model */ = {
			isa = PBXGroup;
			children = (
				3709D805243FC57000031202 /* BlockModel.swift */,
			);
			path = Model;
			sourceTree = "<group>";
		};
		37B263B7243FEAB1003DFE0D /* New Group */ = {
			isa = PBXGroup;
			children = (
				37B263B8243FEAC0003DFE0D /* NetworkServices.swift */,
			);
			path = "New Group";
			sourceTree = "<group>";
		};
/* End PBXGroup section */

/* Begin PBXNativeTarget section */
		3709D7E2243FBF8B00031202 /* BlockchainWallet */ = {
			isa = PBXNativeTarget;
			buildConfigurationList = 3709D7F7243FBF8D00031202 /* Build configuration list for PBXNativeTarget "BlockchainWallet" */;
			buildPhases = (
				3709D7DF243FBF8B00031202 /* Sources */,
				3709D7E0243FBF8B00031202 /* Frameworks */,
				3709D7E1243FBF8B00031202 /* Resources */,
			);
			buildRules = (
			);
			dependencies = (
			);
			name = BlockchainWallet;
			packageProductDependencies = (
				37B263BB2440166E003DFE0D /* NetworkHandler */,
			);
			productName = BlockchainWallet;
			productReference = 3709D7E3243FBF8B00031202 /* BlockchainWallet.app */;
			productType = "com.apple.product-type.application";
		};
/* End PBXNativeTarget section */

/* Begin PBXProject section */
		3709D7DB243FBF8B00031202 /* Project object */ = {
			isa = PBXProject;
			attributes = {
				LastSwiftUpdateCheck = 1140;
				LastUpgradeCheck = 1140;
				ORGANIZATIONNAME = "Marlon Raskin";
				TargetAttributes = {
					3709D7E2243FBF8B00031202 = {
						CreatedOnToolsVersion = 11.4;
					};
				};
			};
			buildConfigurationList = 3709D7DE243FBF8B00031202 /* Build configuration list for PBXProject "BlockchainWallet" */;
			compatibilityVersion = "Xcode 9.3";
			developmentRegion = en;
			hasScannedForEncodings = 0;
			knownRegions = (
				en,
				Base,
			);
			mainGroup = 3709D7DA243FBF8B00031202;
			packageReferences = (
				37B263BA2440166E003DFE0D /* XCRemoteSwiftPackageReference "NetworkHandler" */,
			);
			productRefGroup = 3709D7E4243FBF8B00031202 /* Products */;
			projectDirPath = "";
			projectRoot = "";
			targets = (
				3709D7E2243FBF8B00031202 /* BlockchainWallet */,
			);
		};
/* End PBXProject section */

/* Begin PBXResourcesBuildPhase section */
		3709D7E1243FBF8B00031202 /* Resources */ = {
			isa = PBXResourcesBuildPhase;
			buildActionMask = 2147483647;
			files = (
				3709D7F3243FBF8D00031202 /* LaunchScreen.storyboard in Resources */,
				3709D7F0243FBF8D00031202 /* Assets.xcassets in Resources */,
				3709D7EE243FBF8B00031202 /* Main.storyboard in Resources */,
			);
			runOnlyForDeploymentPostprocessing = 0;
		};
/* End PBXResourcesBuildPhase section */

/* Begin PBXSourcesBuildPhase section */
		3709D7DF243FBF8B00031202 /* Sources */ = {
			isa = PBXSourcesBuildPhase;
			buildActionMask = 2147483647;
			files = (
				3709D7E7243FBF8B00031202 /* AppDelegate.swift in Sources */,
				37B263B6243FDBB5003DFE0D /* TransactionTableVC.swift in Sources */,
				3709D803243FC4F000031202 /* TransactionCell.swift in Sources */,
				3709D7FE243FC47800031202 /* BlockChainTableVC.swift in Sources */,
				3709D7E9243FBF8B00031202 /* SceneDelegate.swift in Sources */,
				3709D801243FC4DE00031202 /* BlockCell.swift in Sources */,
				37B263B9243FEAC0003DFE0D /* NetworkServices.swift in Sources */,
				3709D806243FC57000031202 /* BlockModel.swift in Sources */,
			);
			runOnlyForDeploymentPostprocessing = 0;
		};
/* End PBXSourcesBuildPhase section */

/* Begin PBXVariantGroup section */
		3709D7EC243FBF8B00031202 /* Main.storyboard */ = {
			isa = PBXVariantGroup;
			children = (
				3709D7ED243FBF8B00031202 /* Base */,
			);
			name = Main.storyboard;
			sourceTree = "<group>";
		};
		3709D7F1243FBF8D00031202 /* LaunchScreen.storyboard */ = {
			isa = PBXVariantGroup;
			children = (
				3709D7F2243FBF8D00031202 /* Base */,
			);
			name = LaunchScreen.storyboard;
			sourceTree = "<group>";
		};
/* End PBXVariantGroup section */

/* Begin XCBuildConfiguration section */
		3709D7F5243FBF8D00031202 /* Debug */ = {
			isa = XCBuildConfiguration;
			buildSettings = {
				ALWAYS_SEARCH_USER_PATHS = NO;
				CLANG_ANALYZER_NONNULL = YES;
				CLANG_ANALYZER_NUMBER_OBJECT_CONVERSION = YES_AGGRESSIVE;
				CLANG_CXX_LANGUAGE_STANDARD = "gnu++14";
				CLANG_CXX_LIBRARY = "libc++";
				CLANG_ENABLE_MODULES = YES;
				CLANG_ENABLE_OBJC_ARC = YES;
				CLANG_ENABLE_OBJC_WEAK = YES;
				CLANG_WARN_BLOCK_CAPTURE_AUTORELEASING = YES;
				CLANG_WARN_BOOL_CONVERSION = YES;
				CLANG_WARN_COMMA = YES;
				CLANG_WARN_CONSTANT_CONVERSION = YES;
				CLANG_WARN_DEPRECATED_OBJC_IMPLEMENTATIONS = YES;
				CLANG_WARN_DIRECT_OBJC_ISA_USAGE = YES_ERROR;
				CLANG_WARN_DOCUMENTATION_COMMENTS = YES;
				CLANG_WARN_EMPTY_BODY = YES;
				CLANG_WARN_ENUM_CONVERSION = YES;
				CLANG_WARN_INFINITE_RECURSION = YES;
				CLANG_WARN_INT_CONVERSION = YES;
				CLANG_WARN_NON_LITERAL_NULL_CONVERSION = YES;
				CLANG_WARN_OBJC_IMPLICIT_RETAIN_SELF = YES;
				CLANG_WARN_OBJC_LITERAL_CONVERSION = YES;
				CLANG_WARN_OBJC_ROOT_CLASS = YES_ERROR;
				CLANG_WARN_RANGE_LOOP_ANALYSIS = YES;
				CLANG_WARN_STRICT_PROTOTYPES = YES;
				CLANG_WARN_SUSPICIOUS_MOVE = YES;
				CLANG_WARN_UNGUARDED_AVAILABILITY = YES_AGGRESSIVE;
				CLANG_WARN_UNREACHABLE_CODE = YES;
				CLANG_WARN__DUPLICATE_METHOD_MATCH = YES;
				COPY_PHASE_STRIP = NO;
				DEBUG_INFORMATION_FORMAT = dwarf;
				ENABLE_STRICT_OBJC_MSGSEND = YES;
				ENABLE_TESTABILITY = YES;
				GCC_C_LANGUAGE_STANDARD = gnu11;
				GCC_DYNAMIC_NO_PIC = NO;
				GCC_NO_COMMON_BLOCKS = YES;
				GCC_OPTIMIZATION_LEVEL = 0;
				GCC_PREPROCESSOR_DEFINITIONS = (
					"DEBUG=1",
					"$(inherited)",
				);
				GCC_WARN_64_TO_32_BIT_CONVERSION = YES;
				GCC_WARN_ABOUT_RETURN_TYPE = YES_ERROR;
				GCC_WARN_UNDECLARED_SELECTOR = YES;
				GCC_WARN_UNINITIALIZED_AUTOS = YES_AGGRESSIVE;
				GCC_WARN_UNUSED_FUNCTION = YES;
				GCC_WARN_UNUSED_VARIABLE = YES;
				IPHONEOS_DEPLOYMENT_TARGET = 13.4;
				MTL_ENABLE_DEBUG_INFO = INCLUDE_SOURCE;
				MTL_FAST_MATH = YES;
				ONLY_ACTIVE_ARCH = YES;
				SDKROOT = iphoneos;
				SWIFT_ACTIVE_COMPILATION_CONDITIONS = DEBUG;
				SWIFT_OPTIMIZATION_LEVEL = "-Onone";
			};
			name = Debug;
		};
		3709D7F6243FBF8D00031202 /* Release */ = {
			isa = XCBuildConfiguration;
			buildSettings = {
				ALWAYS_SEARCH_USER_PATHS = NO;
				CLANG_ANALYZER_NONNULL = YES;
				CLANG_ANALYZER_NUMBER_OBJECT_CONVERSION = YES_AGGRESSIVE;
				CLANG_CXX_LANGUAGE_STANDARD = "gnu++14";
				CLANG_CXX_LIBRARY = "libc++";
				CLANG_ENABLE_MODULES = YES;
				CLANG_ENABLE_OBJC_ARC = YES;
				CLANG_ENABLE_OBJC_WEAK = YES;
				CLANG_WARN_BLOCK_CAPTURE_AUTORELEASING = YES;
				CLANG_WARN_BOOL_CONVERSION = YES;
				CLANG_WARN_COMMA = YES;
				CLANG_WARN_CONSTANT_CONVERSION = YES;
				CLANG_WARN_DEPRECATED_OBJC_IMPLEMENTATIONS = YES;
				CLANG_WARN_DIRECT_OBJC_ISA_USAGE = YES_ERROR;
				CLANG_WARN_DOCUMENTATION_COMMENTS = YES;
				CLANG_WARN_EMPTY_BODY = YES;
				CLANG_WARN_ENUM_CONVERSION = YES;
				CLANG_WARN_INFINITE_RECURSION = YES;
				CLANG_WARN_INT_CONVERSION = YES;
				CLANG_WARN_NON_LITERAL_NULL_CONVERSION = YES;
				CLANG_WARN_OBJC_IMPLICIT_RETAIN_SELF = YES;
				CLANG_WARN_OBJC_LITERAL_CONVERSION = YES;
				CLANG_WARN_OBJC_ROOT_CLASS = YES_ERROR;
				CLANG_WARN_RANGE_LOOP_ANALYSIS = YES;
				CLANG_WARN_STRICT_PROTOTYPES = YES;
				CLANG_WARN_SUSPICIOUS_MOVE = YES;
				CLANG_WARN_UNGUARDED_AVAILABILITY = YES_AGGRESSIVE;
				CLANG_WARN_UNREACHABLE_CODE = YES;
				CLANG_WARN__DUPLICATE_METHOD_MATCH = YES;
				COPY_PHASE_STRIP = NO;
				DEBUG_INFORMATION_FORMAT = "dwarf-with-dsym";
				ENABLE_NS_ASSERTIONS = NO;
				ENABLE_STRICT_OBJC_MSGSEND = YES;
				GCC_C_LANGUAGE_STANDARD = gnu11;
				GCC_NO_COMMON_BLOCKS = YES;
				GCC_WARN_64_TO_32_BIT_CONVERSION = YES;
				GCC_WARN_ABOUT_RETURN_TYPE = YES_ERROR;
				GCC_WARN_UNDECLARED_SELECTOR = YES;
				GCC_WARN_UNINITIALIZED_AUTOS = YES_AGGRESSIVE;
				GCC_WARN_UNUSED_FUNCTION = YES;
				GCC_WARN_UNUSED_VARIABLE = YES;
				IPHONEOS_DEPLOYMENT_TARGET = 13.4;
				MTL_ENABLE_DEBUG_INFO = NO;
				MTL_FAST_MATH = YES;
				SDKROOT = iphoneos;
				SWIFT_COMPILATION_MODE = wholemodule;
				SWIFT_OPTIMIZATION_LEVEL = "-O";
				VALIDATE_PRODUCT = YES;
			};
			name = Release;
		};
		3709D7F8243FBF8D00031202 /* Debug */ = {
			isa = XCBuildConfiguration;
			buildSettings = {
				ASSETCATALOG_COMPILER_APPICON_NAME = AppIcon;
				CODE_SIGN_STYLE = Automatic;
				DEVELOPMENT_TEAM = D6VB3396MT;
				INFOPLIST_FILE = BlockchainWallet/Info.plist;
				LD_RUNPATH_SEARCH_PATHS = (
					"$(inherited)",
					"@executable_path/Frameworks",
				);
				PRODUCT_BUNDLE_IDENTIFIER = com.marlonraskin.BlockchainWallet;
				PRODUCT_NAME = "$(TARGET_NAME)";
				SWIFT_VERSION = 5.0;
				TARGETED_DEVICE_FAMILY = "1,2";
			};
			name = Debug;
		};
		3709D7F9243FBF8D00031202 /* Release */ = {
			isa = XCBuildConfiguration;
			buildSettings = {
				ASSETCATALOG_COMPILER_APPICON_NAME = AppIcon;
				CODE_SIGN_STYLE = Automatic;
				DEVELOPMENT_TEAM = D6VB3396MT;
				INFOPLIST_FILE = BlockchainWallet/Info.plist;
				LD_RUNPATH_SEARCH_PATHS = (
					"$(inherited)",
					"@executable_path/Frameworks",
				);
				PRODUCT_BUNDLE_IDENTIFIER = com.marlonraskin.BlockchainWallet;
				PRODUCT_NAME = "$(TARGET_NAME)";
				SWIFT_VERSION = 5.0;
				TARGETED_DEVICE_FAMILY = "1,2";
			};
			name = Release;
		};
/* End XCBuildConfiguration section */

/* Begin XCConfigurationList section */
		3709D7DE243FBF8B00031202 /* Build configuration list for PBXProject "BlockchainWallet" */ = {
			isa = XCConfigurationList;
			buildConfigurations = (
				3709D7F5243FBF8D00031202 /* Debug */,
				3709D7F6243FBF8D00031202 /* Release */,
			);
			defaultConfigurationIsVisible = 0;
			defaultConfigurationName = Release;
		};
		3709D7F7243FBF8D00031202 /* Build configuration list for PBXNativeTarget "BlockchainWallet" */ = {
			isa = XCConfigurationList;
			buildConfigurations = (
				3709D7F8243FBF8D00031202 /* Debug */,
				3709D7F9243FBF8D00031202 /* Release */,
			);
			defaultConfigurationIsVisible = 0;
			defaultConfigurationName = Release;
		};
/* End XCConfigurationList section */

/* Begin XCRemoteSwiftPackageReference section */
		37B263BA2440166E003DFE0D /* XCRemoteSwiftPackageReference "NetworkHandler" */ = {
			isa = XCRemoteSwiftPackageReference;
			repositoryURL = "https://github.com/mredig/NetworkHandler.git";
			requirement = {
				kind = upToNextMajorVersion;
				minimumVersion = 0.9.9;
			};
		};
/* End XCRemoteSwiftPackageReference section */

/* Begin XCSwiftPackageProductDependency section */
		37B263BB2440166E003DFE0D /* NetworkHandler */ = {
			isa = XCSwiftPackageProductDependency;
			package = 37B263BA2440166E003DFE0D /* XCRemoteSwiftPackageReference "NetworkHandler" */;
			productName = NetworkHandler;
		};
/* End XCSwiftPackageProductDependency section */
	};
	rootObject = 3709D7DB243FBF8B00031202 /* Project object */;
}
